
Microsoft Visual Studio Solution File, Format Version 12.00
# Visual Studio 14
VisualStudioVersion = 14.0.24720.0
MinimumVisualStudioVersion = 10.0.40219.1
Project("{FAE04EC0-301F-11D3-BF4B-00C04F79EFBC}") = "MvcMail", "MvcMail\MvcMail.csproj", "{095260B0-6C52-4271-A9FE-84589636C33F}"
EndProject
Project("{FAE04EC0-301F-11D3-BF4B-00C04F79EFBC}") = "EmailHelper", "mailbox\EmailHelper.csproj", "{5862E549-E2CA-4831-BEEA-55B1EF710CBF}"
EndProject
Project("{FAE04EC0-301F-11D3-BF4B-00C04F79EFBC}") = "Smtp.Mailer", "Smtp.Mailer\Smtp.Mailer.csproj", "{641CBEAD-07E3-4CD7-8E38-9E8D7DD32B72}"
EndProject
Global
	GlobalSection(SolutionConfigurationPlatforms) = preSolution
		Debug|Any CPU = Debug|Any CPU
		Release|Any CPU = Release|Any CPU
	EndGlobalSection
	GlobalSection(ProjectConfigurationPlatforms) = postSolution
		{095260B0-6C52-4271-A9FE-84589636C33F}.Debug|Any CPU.ActiveCfg = Debug|Any CPU
		{095260B0-6C52-4271-A9FE-84589636C33F}.Debug|Any CPU.Build.0 = Debug|Any CPU
		{095260B0-6C52-4271-A9FE-84589636C33F}.Release|Any CPU.ActiveCfg = Release|Any CPU
		{095260B0-6C52-4271-A9FE-84589636C33F}.Release|Any CPU.Build.0 = Release|Any CPU
		{5862E549-E2CA-4831-BEEA-55B1EF710CBF}.Debug|Any CPU.ActiveCfg = Debug|Any CPU
		{5862E549-E2CA-4831-BEEA-55B1EF710CBF}.Debug|Any CPU.Build.0 = Debug|Any CPU
		{5862E549-E2CA-4831-BEEA-55B1EF710CBF}.Release|Any CPU.ActiveCfg = Release|Any CPU
		{5862E549-E2CA-4831-BEEA-55B1EF710CBF}.Release|Any CPU.Build.0 = Release|Any CPU
		{641CBEAD-07E3-4CD7-8E38-9E8D7DD32B72}.Debug|Any CPU.ActiveCfg = Debug|Any CPU
		{641CBEAD-07E3-4CD7-8E38-9E8D7DD32B72}.Debug|Any CPU.Build.0 = Debug|Any CPU
		{641CBEAD-07E3-4CD7-8E38-9E8D7DD32B72}.Release|Any CPU.ActiveCfg = Release|Any CPU
		{641CBEAD-07E3-4CD7-8E38-9E8D7DD32B72}.Release|Any CPU.Build.0 = Release|Any CPU
	EndGlobalSection
	GlobalSection(SolutionProperties) = preSolution
		HideSolutionNode = FALSE
	EndGlobalSection
EndGlobal
